// !$*UTF8*$!
{
	archiveVersion = 1;
	classes = {
	};
	objectVersion = 46;
	objects = {

/* Begin PBXBuildFile section */
		A140E9201EFFDB6300115922 /* AppDelegate.swift in Sources */ = {isa = PBXBuildFile; fileRef = A140E91F1EFFDB6300115922 /* AppDelegate.swift */; };
		A140E9221EFFDB6300115922 /* ViewController.swift in Sources */ = {isa = PBXBuildFile; fileRef = A140E9211EFFDB6300115922 /* ViewController.swift */; };
		A140E9251EFFDB6300115922 /* Main.storyboard in Resources */ = {isa = PBXBuildFile; fileRef = A140E9231EFFDB6300115922 /* Main.storyboard */; };
		A140E9271EFFDB6300115922 /* Assets.xcassets in Resources */ = {isa = PBXBuildFile; fileRef = A140E9261EFFDB6300115922 /* Assets.xcassets */; };
		A140E92A1EFFDB6300115922 /* LaunchScreen.storyboard in Resources */ = {isa = PBXBuildFile; fileRef = A140E9281EFFDB6300115922 /* LaunchScreen.storyboard */; };
		A140E92F1EFFDB6300115922 /* ETimer WatchKit App.app in Embed Watch Content */ = {isa = PBXBuildFile; fileRef = A140E92E1EFFDB6300115922 /* ETimer WatchKit App.app */; };
		A140E9351EFFDB6300115922 /* Interface.storyboard in Resources */ = {isa = PBXBuildFile; fileRef = A140E9331EFFDB6300115922 /* Interface.storyboard */; };
		A140E9371EFFDB6300115922 /* Assets.xcassets in Resources */ = {isa = PBXBuildFile; fileRef = A140E9361EFFDB6300115922 /* Assets.xcassets */; };
		A140E93E1EFFDB6300115922 /* ETimer WatchKit Extension.appex in Embed App Extensions */ = {isa = PBXBuildFile; fileRef = A140E93D1EFFDB6300115922 /* ETimer WatchKit Extension.appex */; settings = {ATTRIBUTES = (RemoveHeadersOnCopy, ); }; };
		A140E9451EFFDB6300115922 /* InterfaceController.swift in Sources */ = {isa = PBXBuildFile; fileRef = A140E9441EFFDB6300115922 /* InterfaceController.swift */; };
		A140E9471EFFDB6300115922 /* ExtensionDelegate.swift in Sources */ = {isa = PBXBuildFile; fileRef = A140E9461EFFDB6300115922 /* ExtensionDelegate.swift */; };
		A140E9491EFFDB6300115922 /* NotificationController.swift in Sources */ = {isa = PBXBuildFile; fileRef = A140E9481EFFDB6300115922 /* NotificationController.swift */; };
		A140E94B1EFFDB6300115922 /* ComplicationController.swift in Sources */ = {isa = PBXBuildFile; fileRef = A140E94A1EFFDB6300115922 /* ComplicationController.swift */; };
		A140E94D1EFFDB6300115922 /* Assets.xcassets in Resources */ = {isa = PBXBuildFile; fileRef = A140E94C1EFFDB6300115922 /* Assets.xcassets */; };
/* End PBXBuildFile section */

/* Begin PBXContainerItemProxy section */
		A140E9301EFFDB6300115922 /* PBXContainerItemProxy */ = {
			isa = PBXContainerItemProxy;
			containerPortal = A140E9141EFFDB6300115922 /* Project object */;
			proxyType = 1;
			remoteGlobalIDString = A140E92D1EFFDB6300115922;
			remoteInfo = "ETimer WatchKit App";
		};
		A140E93F1EFFDB6300115922 /* PBXContainerItemProxy */ = {
			isa = PBXContainerItemProxy;
			containerPortal = A140E9141EFFDB6300115922 /* Project object */;
			proxyType = 1;
			remoteGlobalIDString = A140E93C1EFFDB6300115922;
			remoteInfo = "ETimer WatchKit Extension";
		};
/* End PBXContainerItemProxy section */

/* Begin PBXCopyFilesBuildPhase section */
		A140E9541EFFDB6300115922 /* Embed App Extensions */ = {
			isa = PBXCopyFilesBuildPhase;
			buildActionMask = 2147483647;
			dstPath = "";
			dstSubfolderSpec = 13;
			files = (
				A140E93E1EFFDB6300115922 /* ETimer WatchKit Extension.appex in Embed App Extensions */,
			);
			name = "Embed App Extensions";
			runOnlyForDeploymentPostprocessing = 0;
		};
		A140E9581EFFDB6300115922 /* Embed Watch Content */ = {
			isa = PBXCopyFilesBuildPhase;
			buildActionMask = 2147483647;
			dstPath = "$(CONTENTS_FOLDER_PATH)/Watch";
			dstSubfolderSpec = 16;
			files = (
				A140E92F1EFFDB6300115922 /* ETimer WatchKit App.app in Embed Watch Content */,
			);
			name = "Embed Watch Content";
			runOnlyForDeploymentPostprocessing = 0;
		};
/* End PBXCopyFilesBuildPhase section */

/* Begin PBXFileReference section */
		A140E91C1EFFDB6300115922 /* ETimer.app */ = {isa = PBXFileReference; explicitFileType = wrapper.application; includeInIndex = 0; path = ETimer.app; sourceTree = BUILT_PRODUCTS_DIR; };
		A140E91F1EFFDB6300115922 /* AppDelegate.swift */ = {isa = PBXFileReference; lastKnownFileType = sourcecode.swift; path = AppDelegate.swift; sourceTree = "<group>"; };
		A140E9211EFFDB6300115922 /* ViewController.swift */ = {isa = PBXFileReference; lastKnownFileType = sourcecode.swift; path = ViewController.swift; sourceTree = "<group>"; };
		A140E9241EFFDB6300115922 /* Base */ = {isa = PBXFileReference; lastKnownFileType = file.storyboard; name = Base; path = Base.lproj/Main.storyboard; sourceTree = "<group>"; };
		A140E9261EFFDB6300115922 /* Assets.xcassets */ = {isa = PBXFileReference; lastKnownFileType = folder.assetcatalog; path = Assets.xcassets; sourceTree = "<group>"; };
		A140E9291EFFDB6300115922 /* Base */ = {isa = PBXFileReference; lastKnownFileType = file.storyboard; name = Base; path = Base.lproj/LaunchScreen.storyboard; sourceTree = "<group>"; };
		A140E92B1EFFDB6300115922 /* Info.plist */ = {isa = PBXFileReference; lastKnownFileType = text.plist.xml; path = Info.plist; sourceTree = "<group>"; };
		A140E92E1EFFDB6300115922 /* ETimer WatchKit App.app */ = {isa = PBXFileReference; explicitFileType = wrapper.application; includeInIndex = 0; path = "ETimer WatchKit App.app"; sourceTree = BUILT_PRODUCTS_DIR; };
		A140E9341EFFDB6300115922 /* Base */ = {isa = PBXFileReference; lastKnownFileType = file.storyboard; name = Base; path = Base.lproj/Interface.storyboard; sourceTree = "<group>"; };
		A140E9361EFFDB6300115922 /* Assets.xcassets */ = {isa = PBXFileReference; lastKnownFileType = folder.assetcatalog; path = Assets.xcassets; sourceTree = "<group>"; };
		A140E9381EFFDB6300115922 /* Info.plist */ = {isa = PBXFileReference; lastKnownFileType = text.plist.xml; path = Info.plist; sourceTree = "<group>"; };
		A140E93D1EFFDB6300115922 /* ETimer WatchKit Extension.appex */ = {isa = PBXFileReference; explicitFileType = "wrapper.app-extension"; includeInIndex = 0; path = "ETimer WatchKit Extension.appex"; sourceTree = BUILT_PRODUCTS_DIR; };
		A140E9431EFFDB6300115922 /* PushNotificationPayload.apns */ = {isa = PBXFileReference; lastKnownFileType = text; path = PushNotificationPayload.apns; sourceTree = "<group>"; };
		A140E9441EFFDB6300115922 /* InterfaceController.swift */ = {isa = PBXFileReference; lastKnownFileType = sourcecode.swift; path = InterfaceController.swift; sourceTree = "<group>"; };
		A140E9461EFFDB6300115922 /* ExtensionDelegate.swift */ = {isa = PBXFileReference; lastKnownFileType = sourcecode.swift; path = ExtensionDelegate.swift; sourceTree = "<group>"; };
		A140E9481EFFDB6300115922 /* NotificationController.swift */ = {isa = PBXFileReference; lastKnownFileType = sourcecode.swift; path = NotificationController.swift; sourceTree = "<group>"; };
		A140E94A1EFFDB6300115922 /* ComplicationController.swift */ = {isa = PBXFileReference; lastKnownFileType = sourcecode.swift; path = ComplicationController.swift; sourceTree = "<group>"; };
		A140E94C1EFFDB6300115922 /* Assets.xcassets */ = {isa = PBXFileReference; lastKnownFileType = folder.assetcatalog; path = Assets.xcassets; sourceTree = "<group>"; };
		A140E94E1EFFDB6300115922 /* Info.plist */ = {isa = PBXFileReference; lastKnownFileType = text.plist.xml; path = Info.plist; sourceTree = "<group>"; };
/* End PBXFileReference section */

/* Begin PBXFrameworksBuildPhase section */
		A140E9191EFFDB6300115922 /* Frameworks */ = {
			isa = PBXFrameworksBuildPhase;
			buildActionMask = 2147483647;
			files = (
			);
			runOnlyForDeploymentPostprocessing = 0;
		};
		A140E93A1EFFDB6300115922 /* Frameworks */ = {
			isa = PBXFrameworksBuildPhase;
			buildActionMask = 2147483647;
			files = (
			);
			runOnlyForDeploymentPostprocessing = 0;
		};
/* End PBXFrameworksBuildPhase section */

/* Begin PBXGroup section */
		A140E9131EFFDB6300115922 = {
			isa = PBXGroup;
			children = (
				A140E91E1EFFDB6300115922 /* ETimer */,
				A140E9321EFFDB6300115922 /* ETimer WatchKit App */,
				A140E9411EFFDB6300115922 /* ETimer WatchKit Extension */,
				A140E91D1EFFDB6300115922 /* Products */,
			);
			sourceTree = "<group>";
		};
		A140E91D1EFFDB6300115922 /* Products */ = {
			isa = PBXGroup;
			children = (
				A140E91C1EFFDB6300115922 /* ETimer.app */,
				A140E92E1EFFDB6300115922 /* ETimer WatchKit App.app */,
				A140E93D1EFFDB6300115922 /* ETimer WatchKit Extension.appex */,
			);
			name = Products;
			sourceTree = "<group>";
		};
		A140E91E1EFFDB6300115922 /* ETimer */ = {
			isa = PBXGroup;
			children = (
				A140E91F1EFFDB6300115922 /* AppDelegate.swift */,
				A140E9211EFFDB6300115922 /* ViewController.swift */,
				A140E9231EFFDB6300115922 /* Main.storyboard */,
				A140E9261EFFDB6300115922 /* Assets.xcassets */,
				A140E9281EFFDB6300115922 /* LaunchScreen.storyboard */,
				A140E92B1EFFDB6300115922 /* Info.plist */,
			);
			path = ETimer;
			sourceTree = "<group>";
		};
		A140E9321EFFDB6300115922 /* ETimer WatchKit App */ = {
			isa = PBXGroup;
			children = (
				A140E9331EFFDB6300115922 /* Interface.storyboard */,
				A140E9361EFFDB6300115922 /* Assets.xcassets */,
				A140E9381EFFDB6300115922 /* Info.plist */,
			);
			path = "ETimer WatchKit App";
			sourceTree = "<group>";
		};
		A140E9411EFFDB6300115922 /* ETimer WatchKit Extension */ = {
			isa = PBXGroup;
			children = (
				A140E9441EFFDB6300115922 /* InterfaceController.swift */,
				A140E9461EFFDB6300115922 /* ExtensionDelegate.swift */,
				A140E9481EFFDB6300115922 /* NotificationController.swift */,
				A140E94A1EFFDB6300115922 /* ComplicationController.swift */,
				A140E94C1EFFDB6300115922 /* Assets.xcassets */,
				A140E94E1EFFDB6300115922 /* Info.plist */,
				A140E9421EFFDB6300115922 /* Supporting Files */,
			);
			path = "ETimer WatchKit Extension";
			sourceTree = "<group>";
		};
		A140E9421EFFDB6300115922 /* Supporting Files */ = {
			isa = PBXGroup;
			children = (
				A140E9431EFFDB6300115922 /* PushNotificationPayload.apns */,
			);
			name = "Supporting Files";
			sourceTree = "<group>";
		};
/* End PBXGroup section */

/* Begin PBXNativeTarget section */
		A140E91B1EFFDB6300115922 /* ETimer */ = {
			isa = PBXNativeTarget;
			buildConfigurationList = A140E9591EFFDB6300115922 /* Build configuration list for PBXNativeTarget "ETimer" */;
			buildPhases = (
				A140E9181EFFDB6300115922 /* Sources */,
				A140E9191EFFDB6300115922 /* Frameworks */,
				A140E91A1EFFDB6300115922 /* Resources */,
				A140E9581EFFDB6300115922 /* Embed Watch Content */,
			);
			buildRules = (
			);
			dependencies = (
				A140E9311EFFDB6300115922 /* PBXTargetDependency */,
			);
			name = ETimer;
			productName = ETimer;
			productReference = A140E91C1EFFDB6300115922 /* ETimer.app */;
			productType = "com.apple.product-type.application";
		};
		A140E92D1EFFDB6300115922 /* ETimer WatchKit App */ = {
			isa = PBXNativeTarget;
			buildConfigurationList = A140E9551EFFDB6300115922 /* Build configuration list for PBXNativeTarget "ETimer WatchKit App" */;
			buildPhases = (
				A140E92C1EFFDB6300115922 /* Resources */,
				A140E9541EFFDB6300115922 /* Embed App Extensions */,
			);
			buildRules = (
			);
			dependencies = (
				A140E9401EFFDB6300115922 /* PBXTargetDependency */,
			);
			name = "ETimer WatchKit App";
			productName = "ETimer WatchKit App";
			productReference = A140E92E1EFFDB6300115922 /* ETimer WatchKit App.app */;
			productType = "com.apple.product-type.application.watchapp2";
		};
		A140E93C1EFFDB6300115922 /* ETimer WatchKit Extension */ = {
			isa = PBXNativeTarget;
			buildConfigurationList = A140E9511EFFDB6300115922 /* Build configuration list for PBXNativeTarget "ETimer WatchKit Extension" */;
			buildPhases = (
				A140E9391EFFDB6300115922 /* Sources */,
				A140E93A1EFFDB6300115922 /* Frameworks */,
				A140E93B1EFFDB6300115922 /* Resources */,
			);
			buildRules = (
			);
			dependencies = (
			);
			name = "ETimer WatchKit Extension";
			productName = "ETimer WatchKit Extension";
			productReference = A140E93D1EFFDB6300115922 /* ETimer WatchKit Extension.appex */;
			productType = "com.apple.product-type.watchkit2-extension";
		};
/* End PBXNativeTarget section */

/* Begin PBXProject section */
		A140E9141EFFDB6300115922 /* Project object */ = {
			isa = PBXProject;
			attributes = {
				LastSwiftUpdateCheck = 0830;
				LastUpgradeCheck = 0830;
				ORGANIZATIONNAME = scoyote;
				TargetAttributes = {
					A140E91B1EFFDB6300115922 = {
						CreatedOnToolsVersion = 8.3.3;
						DevelopmentTeam = KZL622Z2MN;
						ProvisioningStyle = Automatic;
					};
					A140E92D1EFFDB6300115922 = {
						CreatedOnToolsVersion = 8.3.3;
						DevelopmentTeam = KZL622Z2MN;
						ProvisioningStyle = Automatic;
					};
					A140E93C1EFFDB6300115922 = {
						CreatedOnToolsVersion = 8.3.3;
						DevelopmentTeam = KZL622Z2MN;
						ProvisioningStyle = Automatic;
					};
				};
			};
			buildConfigurationList = A140E9171EFFDB6300115922 /* Build configuration list for PBXProject "ETimer" */;
			compatibilityVersion = "Xcode 3.2";
			developmentRegion = English;
			hasScannedForEncodings = 0;
			knownRegions = (
				en,
				Base,
			);
			mainGroup = A140E9131EFFDB6300115922;
			productRefGroup = A140E91D1EFFDB6300115922 /* Products */;
			projectDirPath = "";
			projectRoot = "";
			targets = (
				A140E91B1EFFDB6300115922 /* ETimer */,
				A140E92D1EFFDB6300115922 /* ETimer WatchKit App */,
				A140E93C1EFFDB6300115922 /* ETimer WatchKit Extension */,
			);
		};
/* End PBXProject section */

/* Begin PBXResourcesBuildPhase section */
		A140E91A1EFFDB6300115922 /* Resources */ = {
			isa = PBXResourcesBuildPhase;
			buildActionMask = 2147483647;
			files = (
				A140E92A1EFFDB6300115922 /* LaunchScreen.storyboard in Resources */,
				A140E9271EFFDB6300115922 /* Assets.xcassets in Resources */,
				A140E9251EFFDB6300115922 /* Main.storyboard in Resources */,
			);
			runOnlyForDeploymentPostprocessing = 0;
		};
		A140E92C1EFFDB6300115922 /* Resources */ = {
			isa = PBXResourcesBuildPhase;
			buildActionMask = 2147483647;
			files = (
				A140E9371EFFDB6300115922 /* Assets.xcassets in Resources */,
				A140E9351EFFDB6300115922 /* Interface.storyboard in Resources */,
			);
			runOnlyForDeploymentPostprocessing = 0;
		};
		A140E93B1EFFDB6300115922 /* Resources */ = {
			isa = PBXResourcesBuildPhase;
			buildActionMask = 2147483647;
			files = (
				A140E94D1EFFDB6300115922 /* Assets.xcassets in Resources */,
			);
			runOnlyForDeploymentPostprocessing = 0;
		};
/* End PBXResourcesBuildPhase section */

/* Begin PBXSourcesBuildPhase section */
		A140E9181EFFDB6300115922 /* Sources */ = {
			isa = PBXSourcesBuildPhase;
			buildActionMask = 2147483647;
			files = (
				A140E9221EFFDB6300115922 /* ViewController.swift in Sources */,
				A140E9201EFFDB6300115922 /* AppDelegate.swift in Sources */,
			);
			runOnlyForDeploymentPostprocessing = 0;
		};
		A140E9391EFFDB6300115922 /* Sources */ = {
			isa = PBXSourcesBuildPhase;
			buildActionMask = 2147483647;
			files = (
				A140E9491EFFDB6300115922 /* NotificationController.swift in Sources */,
				A140E94B1EFFDB6300115922 /* ComplicationController.swift in Sources */,
				A140E9471EFFDB6300115922 /* ExtensionDelegate.swift in Sources */,
				A140E9451EFFDB6300115922 /* InterfaceController.swift in Sources */,
			);
			runOnlyForDeploymentPostprocessing = 0;
		};
/* End PBXSourcesBuildPhase section */

/* Begin PBXTargetDependency section */
		A140E9311EFFDB6300115922 /* PBXTargetDependency */ = {
			isa = PBXTargetDependency;
			target = A140E92D1EFFDB6300115922 /* ETimer WatchKit App */;
			targetProxy = A140E9301EFFDB6300115922 /* PBXContainerItemProxy */;
		};
		A140E9401EFFDB6300115922 /* PBXTargetDependency */ = {
			isa = PBXTargetDependency;
			target = A140E93C1EFFDB6300115922 /* ETimer WatchKit Extension */;
			targetProxy = A140E93F1EFFDB6300115922 /* PBXContainerItemProxy */;
		};
/* End PBXTargetDependency section */

/* Begin PBXVariantGroup section */
		A140E9231EFFDB6300115922 /* Main.storyboard */ = {
			isa = PBXVariantGroup;
			children = (
				A140E9241EFFDB6300115922 /* Base */,
			);
			name = Main.storyboard;
			sourceTree = "<group>";
		};
		A140E9281EFFDB6300115922 /* LaunchScreen.storyboard */ = {
			isa = PBXVariantGroup;
			children = (
				A140E9291EFFDB6300115922 /* Base */,
			);
			name = LaunchScreen.storyboard;
			sourceTree = "<group>";
		};
		A140E9331EFFDB6300115922 /* Interface.storyboard */ = {
			isa = PBXVariantGroup;
			children = (
				A140E9341EFFDB6300115922 /* Base */,
			);
			name = Interface.storyboard;
			sourceTree = "<group>";
		};
/* End PBXVariantGroup section */

/* Begin XCBuildConfiguration section */
		A140E94F1EFFDB6300115922 /* Debug */ = {
			isa = XCBuildConfiguration;
			buildSettings = {
				ALWAYS_SEARCH_USER_PATHS = NO;
				CLANG_ANALYZER_NONNULL = YES;
				CLANG_ANALYZER_NUMBER_OBJECT_CONVERSION = YES_AGGRESSIVE;
				CLANG_CXX_LANGUAGE_STANDARD = "gnu++0x";
				CLANG_CXX_LIBRARY = "libc++";
				CLANG_ENABLE_MODULES = YES;
				CLANG_ENABLE_OBJC_ARC = YES;
				CLANG_WARN_BOOL_CONVERSION = YES;
				CLANG_WARN_CONSTANT_CONVERSION = YES;
				CLANG_WARN_DIRECT_OBJC_ISA_USAGE = YES_ERROR;
				CLANG_WARN_DOCUMENTATION_COMMENTS = YES;
				CLANG_WARN_EMPTY_BODY = YES;
				CLANG_WARN_ENUM_CONVERSION = YES;
				CLANG_WARN_INFINITE_RECURSION = YES;
				CLANG_WARN_INT_CONVERSION = YES;
				CLANG_WARN_OBJC_ROOT_CLASS = YES_ERROR;
				CLANG_WARN_SUSPICIOUS_MOVE = YES;
				CLANG_WARN_UNREACHABLE_CODE = YES;
				CLANG_WARN__DUPLICATE_METHOD_MATCH = YES;
				"CODE_SIGN_IDENTITY[sdk=iphoneos*]" = "iPhone Developer";
				COPY_PHASE_STRIP = NO;
				DEBUG_INFORMATION_FORMAT = dwarf;
				ENABLE_STRICT_OBJC_MSGSEND = YES;
				ENABLE_TESTABILITY = YES;
				GCC_C_LANGUAGE_STANDARD = gnu99;
				GCC_DYNAMIC_NO_PIC = NO;
				GCC_NO_COMMON_BLOCKS = YES;
				GCC_OPTIMIZATION_LEVEL = 0;
				GCC_PREPROCESSOR_DEFINITIONS = (
					"DEBUG=1",
					"$(inherited)",
				);
				GCC_WARN_64_TO_32_BIT_CONVERSION = YES;
				GCC_WARN_ABOUT_RETURN_TYPE = YES_ERROR;
				GCC_WARN_UNDECLARED_SELECTOR = YES;
				GCC_WARN_UNINITIALIZED_AUTOS = YES_AGGRESSIVE;
				GCC_WARN_UNUSED_FUNCTION = YES;
				GCC_WARN_UNUSED_VARIABLE = YES;
				IPHONEOS_DEPLOYMENT_TARGET = 10.3;
				MTL_ENABLE_DEBUG_INFO = YES;
				ONLY_ACTIVE_ARCH = YES;
				SDKROOT = iphoneos;
				SWIFT_ACTIVE_COMPILATION_CONDITIONS = DEBUG;
				SWIFT_OPTIMIZATION_LEVEL = "-Onone";
			};
			name = Debug;
		};
		A140E9501EFFDB6300115922 /* Release */ = {
			isa = XCBuildConfiguration;
			buildSettings = {
				ALWAYS_SEARCH_USER_PATHS = NO;
				CLANG_ANALYZER_NONNULL = YES;
				CLANG_ANALYZER_NUMBER_OBJECT_CONVERSION = YES_AGGRESSIVE;
				CLANG_CXX_LANGUAGE_STANDARD = "gnu++0x";
				CLANG_CXX_LIBRARY = "libc++";
				CLANG_ENABLE_MODULES = YES;
				CLANG_ENABLE_OBJC_ARC = YES;
				CLANG_WARN_BOOL_CONVERSION = YES;
				CLANG_WARN_CONSTANT_CONVERSION = YES;
				CLANG_WARN_DIRECT_OBJC_ISA_USAGE = YES_ERROR;
				CLANG_WARN_DOCUMENTATION_COMMENTS = YES;
				CLANG_WARN_EMPTY_BODY = YES;
				CLANG_WARN_ENUM_CONVERSION = YES;
				CLANG_WARN_INFINITE_RECURSION = YES;
				CLANG_WARN_INT_CONVERSION = YES;
				CLANG_WARN_OBJC_ROOT_CLASS = YES_ERROR;
				CLANG_WARN_SUSPICIOUS_MOVE = YES;
				CLANG_WARN_UNREACHABLE_CODE = YES;
				CLANG_WARN__DUPLICATE_METHOD_MATCH = YES;
				"CODE_SIGN_IDENTITY[sdk=iphoneos*]" = "iPhone Developer";
				COPY_PHASE_STRIP = NO;
				DEBUG_INFORMATION_FORMAT = "dwarf-with-dsym";
				ENABLE_NS_ASSERTIONS = NO;
				ENABLE_STRICT_OBJC_MSGSEND = YES;
				GCC_C_LANGUAGE_STANDARD = gnu99;
				GCC_NO_COMMON_BLOCKS = YES;
				GCC_WARN_64_TO_32_BIT_CONVERSION = YES;
				GCC_WARN_ABOUT_RETURN_TYPE = YES_ERROR;
				GCC_WARN_UNDECLARED_SELECTOR = YES;
				GCC_WARN_UNINITIALIZED_AUTOS = YES_AGGRESSIVE;
				GCC_WARN_UNUSED_FUNCTION = YES;
				GCC_WARN_UNUSED_VARIABLE = YES;
				IPHONEOS_DEPLOYMENT_TARGET = 10.3;
				MTL_ENABLE_DEBUG_INFO = NO;
				SDKROOT = iphoneos;
				SWIFT_OPTIMIZATION_LEVEL = "-Owholemodule";
				VALIDATE_PRODUCT = YES;
			};
			name = Release;
		};
		A140E9521EFFDB6300115922 /* Debug */ = {
			isa = XCBuildConfiguration;
			buildSettings = {
				ASSETCATALOG_COMPILER_COMPLICATION_NAME = Complication;
				DEVELOPMENT_TEAM = KZL622Z2MN;
				INFOPLIST_FILE = "ETimer WatchKit Extension/Info.plist";
				LD_RUNPATH_SEARCH_PATHS = "$(inherited) @executable_path/Frameworks @executable_path/../../Frameworks";
				PRODUCT_BUNDLE_IDENTIFIER = com.scoyote.ETimer.watchkitapp.watchkitextension;
				PRODUCT_NAME = "${TARGET_NAME}";
				SDKROOT = watchos;
				SKIP_INSTALL = YES;
				SWIFT_VERSION = 3.0;
				TARGETED_DEVICE_FAMILY = 4;
				WATCHOS_DEPLOYMENT_TARGET = 3.2;
			};
			name = Debug;
		};
		A140E9531EFFDB6300115922 /* Release */ = {
			isa = XCBuildConfiguration;
			buildSettings = {
				ASSETCATALOG_COMPILER_COMPLICATION_NAME = Complication;
				DEVELOPMENT_TEAM = KZL622Z2MN;
				INFOPLIST_FILE = "ETimer WatchKit Extension/Info.plist";
				LD_RUNPATH_SEARCH_PATHS = "$(inherited) @executable_path/Frameworks @executable_path/../../Frameworks";
				PRODUCT_BUNDLE_IDENTIFIER = com.scoyote.ETimer.watchkitapp.watchkitextension;
				PRODUCT_NAME = "${TARGET_NAME}";
				SDKROOT = watchos;
				SKIP_INSTALL = YES;
				SWIFT_VERSION = 3.0;
				TARGETED_DEVICE_FAMILY = 4;
				WATCHOS_DEPLOYMENT_TARGET = 3.2;
			};
			name = Release;
		};
		A140E9561EFFDB6300115922 /* Debug */ = {
			isa = XCBuildConfiguration;
			buildSettings = {
				ALWAYS_EMBED_SWIFT_STANDARD_LIBRARIES = YES;
				ASSETCATALOG_COMPILER_APPICON_NAME = AppIcon;
				DEVELOPMENT_TEAM = KZL622Z2MN;
				IBSC_MODULE = ETimer_WatchKit_Extension;
				INFOPLIST_FILE = "ETimer WatchKit App/Info.plist";
				PRODUCT_BUNDLE_IDENTIFIER = com.scoyote.ETimer.watchkitapp;
				PRODUCT_NAME = "$(TARGET_NAME)";
				SDKROOT = watchos;
				SKIP_INSTALL = YES;
				SWIFT_VERSION = 3.0;
				TARGETED_DEVICE_FAMILY = 4;
				WATCHOS_DEPLOYMENT_TARGET = 3.2;
			};
			name = Debug;
		};
		A140E9571EFFDB6300115922 /* Release */ = {
			isa = XCBuildConfiguration;
			buildSettings = {
				ALWAYS_EMBED_SWIFT_STANDARD_LIBRARIES = YES;
				ASSETCATALOG_COMPILER_APPICON_NAME = AppIcon;
				DEVELOPMENT_TEAM = KZL622Z2MN;
				IBSC_MODULE = ETimer_WatchKit_Extension;
				INFOPLIST_FILE = "ETimer WatchKit App/Info.plist";
				PRODUCT_BUNDLE_IDENTIFIER = com.scoyote.ETimer.watchkitapp;
				PRODUCT_NAME = "$(TARGET_NAME)";
				SDKROOT = watchos;
				SKIP_INSTALL = YES;
				SWIFT_VERSION = 3.0;
				TARGETED_DEVICE_FAMILY = 4;
				WATCHOS_DEPLOYMENT_TARGET = 3.2;
			};
			name = Release;
		};
		A140E95A1EFFDB6300115922 /* Debug */ = {
			isa = XCBuildConfiguration;
			buildSettings = {
				ASSETCATALOG_COMPILER_APPICON_NAME = AppIcon;
				"CODE_SIGN_IDENTITY[sdk=iphoneos*]" = "iPhone Developer";
				DEVELOPMENT_TEAM = KZL622Z2MN;
				INFOPLIST_FILE = ETimer/Info.plist;
				IPHONEOS_DEPLOYMENT_TARGET = 10.3;
				LD_RUNPATH_SEARCH_PATHS = "$(inherited) @executable_path/Frameworks";
				PRODUCT_BUNDLE_IDENTIFIER = com.scoyote.ETimer;
				PRODUCT_NAME = "$(TARGET_NAME)";
				PROVISIONING_PROFILE_SPECIFIER = "";
				SWIFT_VERSION = 3.0;
			};
			name = Debug;
		};
		A140E95B1EFFDB6300115922 /* Release */ = {
			isa = XCBuildConfiguration;
			buildSettings = {
				ASSETCATALOG_COMPILER_APPICON_NAME = AppIcon;
				"CODE_SIGN_IDENTITY[sdk=iphoneos*]" = "iPhone Developer";
				DEVELOPMENT_TEAM = KZL622Z2MN;
				INFOPLIST_FILE = ETimer/Info.plist;
				IPHONEOS_DEPLOYMENT_TARGET = 10.3;
				LD_RUNPATH_SEARCH_PATHS = "$(inherited) @executable_path/Frameworks";
				PRODUCT_BUNDLE_IDENTIFIER = com.scoyote.ETimer;
				PRODUCT_NAME = "$(TARGET_NAME)";
				PROVISIONING_PROFILE_SPECIFIER = "";
				SWIFT_VERSION = 3.0;
			};
			name = Release;
		};
/* End XCBuildConfiguration section */

/* Begin XCConfigurationList section */
		A140E9171EFFDB6300115922 /* Build configuration list for PBXProject "ETimer" */ = {
			isa = XCConfigurationList;
			buildConfigurations = (
				A140E94F1EFFDB6300115922 /* Debug */,
				A140E9501EFFDB6300115922 /* Release */,
			);
			defaultConfigurationIsVisible = 0;
			defaultConfigurationName = Release;
		};
		A140E9511EFFDB6300115922 /* Build configuration list for PBXNativeTarget "ETimer WatchKit Extension" */ = {
			isa = XCConfigurationList;
			buildConfigurations = (
				A140E9521EFFDB6300115922 /* Debug */,
				A140E9531EFFDB6300115922 /* Release */,
			);
			defaultConfigurationIsVisible = 0;
			defaultConfigurationName = Release;
		};
		A140E9551EFFDB6300115922 /* Build configuration list for PBXNativeTarget "ETimer WatchKit App" */ = {
			isa = XCConfigurationList;
			buildConfigurations = (
				A140E9561EFFDB6300115922 /* Debug */,
				A140E9571EFFDB6300115922 /* Release */,
			);
			defaultConfigurationIsVisible = 0;
			defaultConfigurationName = Release;
		};
		A140E9591EFFDB6300115922 /* Build configuration list for PBXNativeTarget "ETimer" */ = {
			isa = XCConfigurationList;
			buildConfigurations = (
				A140E95A1EFFDB6300115922 /* Debug */,
				A140E95B1EFFDB6300115922 /* Release */,
			);
			defaultConfigurationIsVisible = 0;
			defaultConfigurationName = Release;
		};
/* End XCConfigurationList section */
	};
	rootObject = A140E9141EFFDB6300115922 /* Project object */;
}
